
Microsoft Visual Studio Solution File, Format Version 12.00
# Visual Studio Version 16
VisualStudioVersion = 16.0.28729.10
MinimumVisualStudioVersion = 10.0.40219.1
Project("{FAE04EC0-301F-11D3-BF4B-00C04F79EFBC}") = "WordDocumentWorker", "WordDocumentWorker\WordDocumentWorker.csproj", "{8A3F0BEB-ED36-43B3-B0EE-587937FFD01D}"
EndProject
Global
	GlobalSection(SolutionConfigurationPlatforms) = preSolution
		Debug|Any CPU = Debug|Any CPU
		Release|Any CPU = Release|Any CPU
	EndGlobalSection
	GlobalSection(ProjectConfigurationPlatforms) = postSolution
		{8A3F0BEB-ED36-43B3-B0EE-587937FFD01D}.Debug|Any CPU.ActiveCfg = Debug|Any CPU
		{8A3F0BEB-ED36-43B3-B0EE-587937FFD01D}.Debug|Any CPU.Build.0 = Debug|Any CPU
		{8A3F0BEB-ED36-43B3-B0EE-587937FFD01D}.Release|Any CPU.ActiveCfg = Release|Any CPU
		{8A3F0BEB-ED36-43B3-B0EE-587937FFD01D}.Release|Any CPU.Build.0 = Release|Any CPU
	EndGlobalSection
	GlobalSection(SolutionProperties) = preSolution
		HideSolutionNode = FALSE
	EndGlobalSection
	GlobalSection(ExtensibilityGlobals) = postSolution
		SolutionGuid = {80468204-17A4-4826-9E37-9E912F666A3C}
	EndGlobalSection
EndGlobal
